
Microsoft Visual Studio Solution File, Format Version 12.00
# Visual Studio Version 17
VisualStudioVersion = 17.11.35327.3
MinimumVisualStudioVersion = 10.0.40219.1
Project("{9A19103F-16F7-4668-BE54-9A1E7A4F7556}") = "CleanArchitectureSampleProject.Infrastructure.Repository", "src\Infrastructure\CleanArchitectureSampleProject.Infrastructure.Repository\CleanArchitectureSampleProject.Infrastructure.Repository.csproj", "{B981EB20-7BD5-45DA-BBD9-6567479D924D}"
EndProject
Project("{9A19103F-16F7-4668-BE54-9A1E7A4F7556}") = "CleanArchitectureSampleProject.Core.Domain", "src\Core\CleanArchitectureSampleProject.Core.Domain\CleanArchitectureSampleProject.Core.Domain.csproj", "{A308BED9-5145-42D2-B195-833378170212}"
EndProject
Project("{9A19103F-16F7-4668-BE54-9A1E7A4F7556}") = "CleanArchitectureSampleProject.Core.Application", "src\Core\CleanArchitectureSampleProject.Core.Application\CleanArchitectureSampleProject.Core.Application.csproj", "{B7986893-D52D-4B73-B222-1840DE0F2C6E}"
EndProject
Project("{FAE04EC0-301F-11D3-BF4B-00C04F79EFBC}") = "CleanArchitectureSampleProject.Presentation.MinimalAPI", "src\Presentation\CleanArchitectureSampleProject.Presentation.MinimalAPI\CleanArchitectureSampleProject.Presentation.MinimalAPI.csproj", "{50385108-CE46-479D-A38F-0BA68A3D0390}"
EndProject
Project("{2150E333-8FDC-42A3-9474-1A3956D46DE8}") = "AllSolutionItems", "AllSolutionItems", "{E003A979-3FE9-47BA-BA66-31C824F5F2F2}"
	ProjectSection(SolutionItems) = preProject
		.gitignore = .gitignore
		src\Presentation\CleanArchitectureSampleProject.Presentation.MinimalAPI\NLog.config = src\Presentation\CleanArchitectureSampleProject.Presentation.MinimalAPI\NLog.config
		README.md = README.md
	EndProjectSection
EndProject
Project("{FAE04EC0-301F-11D3-BF4B-00C04F79EFBC}") = "CleanArchitectureSampleProject.Aspire.AppHost", "src\Aspire\CleanArchitectureSampleProject.Aspire.AppHost\CleanArchitectureSampleProject.Aspire.AppHost.csproj", "{6BB2CDD5-5D4B-4D71-B600-36757E955448}"
EndProject
Project("{FAE04EC0-301F-11D3-BF4B-00C04F79EFBC}") = "CleanArchitectureSampleProject.Aspire.ServiceDefaults", "src\Aspire\CleanArchitectureSampleProject.Aspire.ServiceDefaults\CleanArchitectureSampleProject.Aspire.ServiceDefaults.csproj", "{0C3CD584-8FA7-47BB-B120-BB7123360457}"
EndProject
Project("{2150E333-8FDC-42A3-9474-1A3956D46DE8}") = "Aspire", "Aspire", "{40FB24A5-B349-4F56-A058-C7A8E755415A}"
EndProject
Project("{2150E333-8FDC-42A3-9474-1A3956D46DE8}") = "Presentation", "Presentation", "{86058926-AC8A-4E50-875F-CBD5C775377C}"
EndProject
Project("{FAE04EC0-301F-11D3-BF4B-00C04F79EFBC}") = "CleanArchitectureSampleProject.CrossCuttingConcerns", "src\CleanArchitectureSampleProject.CrossCuttingConcerns\CleanArchitectureSampleProject.CrossCuttingConcerns.csproj", "{520A5703-E9A5-47D6-B0B9-9E96E474616B}"
EndProject
Project("{FAE04EC0-301F-11D3-BF4B-00C04F79EFBC}") = "CleanArchitectureSampleProject.Presentation.Web", "src\Presentation\CleanArchitectureSampleProject.Presentation.Web\CleanArchitectureSampleProject.Presentation.Web.csproj", "{A9A6612B-7E4D-4E3E-A66F-DFC84C0EBB5F}"
EndProject
Project("{FAE04EC0-301F-11D3-BF4B-00C04F79EFBC}") = "CleanArchitectureSampleProject.Presentation.ControllerAPI", "src\Presentation\CleanArchitectureSampleProject.Presentation.ControllerAPI\CleanArchitectureSampleProject.Presentation.ControllerAPI.csproj", "{12E2AA11-8E2F-41C1-9B67-3D83A399F897}"
EndProject
Project("{FAE04EC0-301F-11D3-BF4B-00C04F79EFBC}") = "CleanArchitectureSampleProject.Aspire.Configurations", "src\Aspire\CleanArchitectureSampleProject.Aspire.Configurations\CleanArchitectureSampleProject.Aspire.Configurations.csproj", "{7962E6C8-CC15-4544-8271-0AFE89F69A84}"
EndProject
Project("{FAE04EC0-301F-11D3-BF4B-00C04F79EFBC}") = "CleanArchitectureSampleProject.Aspire.Service.DatabaseMigration", "src\Aspire\CleanArchitectureSampleProject.Aspire.Service.DatabaseMigration\CleanArchitectureSampleProject.Aspire.Service.DatabaseMigration.csproj", "{118D9290-B5F7-4629-A675-F477A0AD39F2}"
EndProject
Project("{2150E333-8FDC-42A3-9474-1A3956D46DE8}") = "Core", "Core", "{71E5B485-30A1-4C17-A8E8-B519A6480792}"
EndProject
Project("{2150E333-8FDC-42A3-9474-1A3956D46DE8}") = "Infrastructure", "Infrastructure", "{18188F3D-6A0C-40E7-B7DE-939436B50716}"
EndProject
Project("{FAE04EC0-301F-11D3-BF4B-00C04F79EFBC}") = "CleanArchitectureSampleProject.Infrastructure.Messaging", "src\Infrastructure\CleanArchitectureSampleProject.Infrastructure.Messaging\CleanArchitectureSampleProject.Infrastructure.Messaging.csproj", "{9B78AE18-ACBF-45C3-A7A3-EE79DF432638}"
EndProject
Project("{FAE04EC0-301F-11D3-BF4B-00C04F79EFBC}") = "CleanArchitectureSampleProject.Presentation.Authentication", "src\Presentation\CleanArchitectureSampleProject.Presentation.Authentication\CleanArchitectureSampleProject.Presentation.Authentication.csproj", "{14AF6544-7137-446D-98C5-4BA9A1CE1E82}"
EndProject
Project("{FAE04EC0-301F-11D3-BF4B-00C04F79EFBC}") = "CleanArchitectureSampleProject.Infrastructure.Repository.Auth", "src\Infrastructure\CleanArchitectureSampleProject.Infrastructure.Repository.Authentication\CleanArchitectureSampleProject.Infrastructure.Repository.Auth.csproj", "{9BCF9A43-49F1-457D-9CEA-0D1554CCFA32}"
EndProject
Project("{FAE04EC0-301F-11D3-BF4B-00C04F79EFBC}") = "CleanArchitectureSampleProject.Presentation.Worker", "src\Presentation\CleanArchitectureSampleProject.Presentation.Worker\CleanArchitectureSampleProject.Presentation.Worker.csproj", "{5F947666-0C06-46FD-B728-A85971809CDE}"
EndProject
Project("{FAE04EC0-301F-11D3-BF4B-00C04F79EFBC}") = "CleanArchitectureSampleProject.Presentation.FastEndpoints", "src\Presentation\CleanArchitectureSampleProject.Presentation.FastEndpoints\CleanArchitectureSampleProject.Presentation.FastEndpoints.csproj", "{148BE116-F6AD-49B4-9310-6177DACBE66B}"
EndProject
Global
	GlobalSection(SolutionConfigurationPlatforms) = preSolution
		Debug|Any CPU = Debug|Any CPU
		Release|Any CPU = Release|Any CPU
	EndGlobalSection
	GlobalSection(ProjectConfigurationPlatforms) = postSolution
		{B981EB20-7BD5-45DA-BBD9-6567479D924D}.Debug|Any CPU.ActiveCfg = Debug|Any CPU
		{B981EB20-7BD5-45DA-BBD9-6567479D924D}.Debug|Any CPU.Build.0 = Debug|Any CPU
		{B981EB20-7BD5-45DA-BBD9-6567479D924D}.Release|Any CPU.ActiveCfg = Release|Any CPU
		{B981EB20-7BD5-45DA-BBD9-6567479D924D}.Release|Any CPU.Build.0 = Release|Any CPU
		{A308BED9-5145-42D2-B195-833378170212}.Debug|Any CPU.ActiveCfg = Debug|Any CPU
		{A308BED9-5145-42D2-B195-833378170212}.Debug|Any CPU.Build.0 = Debug|Any CPU
		{A308BED9-5145-42D2-B195-833378170212}.Release|Any CPU.ActiveCfg = Release|Any CPU
		{A308BED9-5145-42D2-B195-833378170212}.Release|Any CPU.Build.0 = Release|Any CPU
		{B7986893-D52D-4B73-B222-1840DE0F2C6E}.Debug|Any CPU.ActiveCfg = Debug|Any CPU
		{B7986893-D52D-4B73-B222-1840DE0F2C6E}.Debug|Any CPU.Build.0 = Debug|Any CPU
		{B7986893-D52D-4B73-B222-1840DE0F2C6E}.Release|Any CPU.ActiveCfg = Release|Any CPU
		{B7986893-D52D-4B73-B222-1840DE0F2C6E}.Release|Any CPU.Build.0 = Release|Any CPU
		{50385108-CE46-479D-A38F-0BA68A3D0390}.Debug|Any CPU.ActiveCfg = Debug|Any CPU
		{50385108-CE46-479D-A38F-0BA68A3D0390}.Debug|Any CPU.Build.0 = Debug|Any CPU
		{50385108-CE46-479D-A38F-0BA68A3D0390}.Release|Any CPU.ActiveCfg = Release|Any CPU
		{50385108-CE46-479D-A38F-0BA68A3D0390}.Release|Any CPU.Build.0 = Release|Any CPU
		{6BB2CDD5-5D4B-4D71-B600-36757E955448}.Debug|Any CPU.ActiveCfg = Debug|Any CPU
		{6BB2CDD5-5D4B-4D71-B600-36757E955448}.Debug|Any CPU.Build.0 = Debug|Any CPU
		{6BB2CDD5-5D4B-4D71-B600-36757E955448}.Release|Any CPU.ActiveCfg = Release|Any CPU
		{6BB2CDD5-5D4B-4D71-B600-36757E955448}.Release|Any CPU.Build.0 = Release|Any CPU
		{0C3CD584-8FA7-47BB-B120-BB7123360457}.Debug|Any CPU.ActiveCfg = Debug|Any CPU
		{0C3CD584-8FA7-47BB-B120-BB7123360457}.Debug|Any CPU.Build.0 = Debug|Any CPU
		{0C3CD584-8FA7-47BB-B120-BB7123360457}.Release|Any CPU.ActiveCfg = Release|Any CPU
		{0C3CD584-8FA7-47BB-B120-BB7123360457}.Release|Any CPU.Build.0 = Release|Any CPU
		{520A5703-E9A5-47D6-B0B9-9E96E474616B}.Debug|Any CPU.ActiveCfg = Debug|Any CPU
		{520A5703-E9A5-47D6-B0B9-9E96E474616B}.Debug|Any CPU.Build.0 = Debug|Any CPU
		{520A5703-E9A5-47D6-B0B9-9E96E474616B}.Release|Any CPU.ActiveCfg = Release|Any CPU
		{520A5703-E9A5-47D6-B0B9-9E96E474616B}.Release|Any CPU.Build.0 = Release|Any CPU
		{A9A6612B-7E4D-4E3E-A66F-DFC84C0EBB5F}.Debug|Any CPU.ActiveCfg = Debug|Any CPU
		{A9A6612B-7E4D-4E3E-A66F-DFC84C0EBB5F}.Debug|Any CPU.Build.0 = Debug|Any CPU
		{A9A6612B-7E4D-4E3E-A66F-DFC84C0EBB5F}.Release|Any CPU.ActiveCfg = Release|Any CPU
		{A9A6612B-7E4D-4E3E-A66F-DFC84C0EBB5F}.Release|Any CPU.Build.0 = Release|Any CPU
		{12E2AA11-8E2F-41C1-9B67-3D83A399F897}.Debug|Any CPU.ActiveCfg = Debug|Any CPU
		{12E2AA11-8E2F-41C1-9B67-3D83A399F897}.Debug|Any CPU.Build.0 = Debug|Any CPU
		{12E2AA11-8E2F-41C1-9B67-3D83A399F897}.Release|Any CPU.ActiveCfg = Release|Any CPU
		{12E2AA11-8E2F-41C1-9B67-3D83A399F897}.Release|Any CPU.Build.0 = Release|Any CPU
		{7962E6C8-CC15-4544-8271-0AFE89F69A84}.Debug|Any CPU.ActiveCfg = Debug|Any CPU
		{7962E6C8-CC15-4544-8271-0AFE89F69A84}.Debug|Any CPU.Build.0 = Debug|Any CPU
		{7962E6C8-CC15-4544-8271-0AFE89F69A84}.Release|Any CPU.ActiveCfg = Release|Any CPU
		{7962E6C8-CC15-4544-8271-0AFE89F69A84}.Release|Any CPU.Build.0 = Release|Any CPU
		{118D9290-B5F7-4629-A675-F477A0AD39F2}.Debug|Any CPU.ActiveCfg = Debug|Any CPU
		{118D9290-B5F7-4629-A675-F477A0AD39F2}.Debug|Any CPU.Build.0 = Debug|Any CPU
		{118D9290-B5F7-4629-A675-F477A0AD39F2}.Release|Any CPU.ActiveCfg = Release|Any CPU
		{118D9290-B5F7-4629-A675-F477A0AD39F2}.Release|Any CPU.Build.0 = Release|Any CPU
		{9B78AE18-ACBF-45C3-A7A3-EE79DF432638}.Debug|Any CPU.ActiveCfg = Debug|Any CPU
		{9B78AE18-ACBF-45C3-A7A3-EE79DF432638}.Debug|Any CPU.Build.0 = Debug|Any CPU
		{9B78AE18-ACBF-45C3-A7A3-EE79DF432638}.Release|Any CPU.ActiveCfg = Release|Any CPU
		{9B78AE18-ACBF-45C3-A7A3-EE79DF432638}.Release|Any CPU.Build.0 = Release|Any CPU
		{14AF6544-7137-446D-98C5-4BA9A1CE1E82}.Debug|Any CPU.ActiveCfg = Debug|Any CPU
		{14AF6544-7137-446D-98C5-4BA9A1CE1E82}.Debug|Any CPU.Build.0 = Debug|Any CPU
		{14AF6544-7137-446D-98C5-4BA9A1CE1E82}.Release|Any CPU.ActiveCfg = Release|Any CPU
		{14AF6544-7137-446D-98C5-4BA9A1CE1E82}.Release|Any CPU.Build.0 = Release|Any CPU
		{9BCF9A43-49F1-457D-9CEA-0D1554CCFA32}.Debug|Any CPU.ActiveCfg = Debug|Any CPU
		{9BCF9A43-49F1-457D-9CEA-0D1554CCFA32}.Debug|Any CPU.Build.0 = Debug|Any CPU
		{9BCF9A43-49F1-457D-9CEA-0D1554CCFA32}.Release|Any CPU.ActiveCfg = Release|Any CPU
		{9BCF9A43-49F1-457D-9CEA-0D1554CCFA32}.Release|Any CPU.Build.0 = Release|Any CPU
		{5F947666-0C06-46FD-B728-A85971809CDE}.Debug|Any CPU.ActiveCfg = Debug|Any CPU
		{5F947666-0C06-46FD-B728-A85971809CDE}.Debug|Any CPU.Build.0 = Debug|Any CPU
		{5F947666-0C06-46FD-B728-A85971809CDE}.Release|Any CPU.ActiveCfg = Release|Any CPU
		{5F947666-0C06-46FD-B728-A85971809CDE}.Release|Any CPU.Build.0 = Release|Any CPU
		{148BE116-F6AD-49B4-9310-6177DACBE66B}.Debug|Any CPU.ActiveCfg = Debug|Any CPU
		{148BE116-F6AD-49B4-9310-6177DACBE66B}.Debug|Any CPU.Build.0 = Debug|Any CPU
		{148BE116-F6AD-49B4-9310-6177DACBE66B}.Release|Any CPU.ActiveCfg = Release|Any CPU
		{148BE116-F6AD-49B4-9310-6177DACBE66B}.Release|Any CPU.Build.0 = Release|Any CPU
	EndGlobalSection
	GlobalSection(SolutionProperties) = preSolution
		HideSolutionNode = FALSE
	EndGlobalSection
	GlobalSection(NestedProjects) = preSolution
		{B981EB20-7BD5-45DA-BBD9-6567479D924D} = {18188F3D-6A0C-40E7-B7DE-939436B50716}
		{A308BED9-5145-42D2-B195-833378170212} = {71E5B485-30A1-4C17-A8E8-B519A6480792}
		{B7986893-D52D-4B73-B222-1840DE0F2C6E} = {71E5B485-30A1-4C17-A8E8-B519A6480792}
		{50385108-CE46-479D-A38F-0BA68A3D0390} = {86058926-AC8A-4E50-875F-CBD5C775377C}
		{6BB2CDD5-5D4B-4D71-B600-36757E955448} = {40FB24A5-B349-4F56-A058-C7A8E755415A}
		{0C3CD584-8FA7-47BB-B120-BB7123360457} = {40FB24A5-B349-4F56-A058-C7A8E755415A}
		{A9A6612B-7E4D-4E3E-A66F-DFC84C0EBB5F} = {86058926-AC8A-4E50-875F-CBD5C775377C}
		{12E2AA11-8E2F-41C1-9B67-3D83A399F897} = {86058926-AC8A-4E50-875F-CBD5C775377C}
		{7962E6C8-CC15-4544-8271-0AFE89F69A84} = {40FB24A5-B349-4F56-A058-C7A8E755415A}
		{118D9290-B5F7-4629-A675-F477A0AD39F2} = {40FB24A5-B349-4F56-A058-C7A8E755415A}
		{9B78AE18-ACBF-45C3-A7A3-EE79DF432638} = {18188F3D-6A0C-40E7-B7DE-939436B50716}
		{14AF6544-7137-446D-98C5-4BA9A1CE1E82} = {86058926-AC8A-4E50-875F-CBD5C775377C}
		{9BCF9A43-49F1-457D-9CEA-0D1554CCFA32} = {18188F3D-6A0C-40E7-B7DE-939436B50716}
		{5F947666-0C06-46FD-B728-A85971809CDE} = {86058926-AC8A-4E50-875F-CBD5C775377C}
		{148BE116-F6AD-49B4-9310-6177DACBE66B} = {86058926-AC8A-4E50-875F-CBD5C775377C}
	EndGlobalSection
	GlobalSection(ExtensibilityGlobals) = postSolution
		SolutionGuid = {8B6EF806-3606-4DA6-9B36-307FFC99EE82}
	EndGlobalSection
EndGlobal
